<Solution>
  <Folder Name="/src/">
    <Project Path="src/AppColoreando.Api/AppColoreando.Api.csproj" />
    <Project Path="src/AppColoreando.Application/AppColoreando.Application.csproj" />
    <Project Path="src/AppColoreando.Domain/AppColoreando.Domain.csproj" />
    <Project Path="src/AppColoreando.Infrastructure/AppColoreando.Infrastructure.csproj" />
  </Folder>
  <Folder Name="/tests/">
    <Project Path="tests/AppColoreando.Application.UnitTests/AppColoreando.Application.UnitTests.csproj" />
    <Project Path="tests/AppColoreando.ArchitectureTests/AppColoreando.ArchitectureTests.csproj" />
    <Project Path="tests/AppColoreando.Domain.UnitTests/AppColoreando.Domain.UnitTests.csproj" />
  </Folder>
</Solution>
